
Microsoft Visual Studio Solution File, Format Version 12.00
# Visual Studio 14
VisualStudioVersion = 14.0.25420.1
MinimumVisualStudioVersion = 10.0.40219.1
Project("{8BC9CEB8-8B4A-11D0-8D11-00A0C91BC942}") = "Core", "Core\Core.vcxproj", "{80B3A622-AC4A-44D0-BEBD-18225555676B}"
EndProject
Project("{8BC9CEB8-8B4A-11D0-8D11-00A0C91BC942}") = "NNTrainer", "NNTrainer\NNTrainer.vcxproj", "{DD5C9720-4867-40A5-8276-56E8E4E1C144}"
EndProject
Project("{8BC9CEB8-8B4A-11D0-8D11-00A0C91BC942}") = "GestureFeaturesAnalyser", "GestureFeaturesAnalyser\GestureFeaturesAnalyser.vcxproj", "{2C7D4219-73AB-42FB-B2AF-4C68A8C1C019}"
EndProject
Project("{8BC9CEB8-8B4A-11D0-8D11-00A0C91BC942}") = "NBCTrainer", "NBCTrainer\NBCTrainer.vcxproj", "{9A5A435D-41E4-4B2A-9D99-8A180FB7D9A7}"
EndProject
Project("{8BC9CEB8-8B4A-11D0-8D11-00A0C91BC942}") = "DataPreprocessor", "DataPreprocessor\DataPreprocessor.vcxproj", "{DFE11357-5D06-42E3-80E6-AC88BC15B8DD}"
EndProject
Global
	GlobalSection(SolutionConfigurationPlatforms) = preSolution
		Debug|x64 = Debug|x64
		Debug|x86 = Debug|x86
		Load|x64 = Load|x64
		Load|x86 = Load|x86
		Release|x64 = Release|x64
		Release|x86 = Release|x86
		Train|x64 = Train|x64
		Train|x86 = Train|x86
	EndGlobalSection
	GlobalSection(ProjectConfigurationPlatforms) = postSolution
		{80B3A622-AC4A-44D0-BEBD-18225555676B}.Debug|x64.ActiveCfg = Debug|x64
		{80B3A622-AC4A-44D0-BEBD-18225555676B}.Debug|x64.Build.0 = Debug|x64
		{80B3A622-AC4A-44D0-BEBD-18225555676B}.Debug|x86.ActiveCfg = Debug|Win32
		{80B3A622-AC4A-44D0-BEBD-18225555676B}.Debug|x86.Build.0 = Debug|Win32
		{80B3A622-AC4A-44D0-BEBD-18225555676B}.Load|x64.ActiveCfg = Release|x64
		{80B3A622-AC4A-44D0-BEBD-18225555676B}.Load|x64.Build.0 = Release|x64
		{80B3A622-AC4A-44D0-BEBD-18225555676B}.Load|x86.ActiveCfg = Release|Win32
		{80B3A622-AC4A-44D0-BEBD-18225555676B}.Load|x86.Build.0 = Release|Win32
		{80B3A622-AC4A-44D0-BEBD-18225555676B}.Release|x64.ActiveCfg = Release|x64
		{80B3A622-AC4A-44D0-BEBD-18225555676B}.Release|x64.Build.0 = Release|x64
		{80B3A622-AC4A-44D0-BEBD-18225555676B}.Release|x86.ActiveCfg = Release|Win32
		{80B3A622-AC4A-44D0-BEBD-18225555676B}.Release|x86.Build.0 = Release|Win32
		{80B3A622-AC4A-44D0-BEBD-18225555676B}.Train|x64.ActiveCfg = Release|x64
		{80B3A622-AC4A-44D0-BEBD-18225555676B}.Train|x64.Build.0 = Release|x64
		{80B3A622-AC4A-44D0-BEBD-18225555676B}.Train|x86.ActiveCfg = Release|Win32
		{80B3A622-AC4A-44D0-BEBD-18225555676B}.Train|x86.Build.0 = Release|Win32
		{DD5C9720-4867-40A5-8276-56E8E4E1C144}.Debug|x64.ActiveCfg = Load|x64
		{DD5C9720-4867-40A5-8276-56E8E4E1C144}.Debug|x64.Build.0 = Load|x64
		{DD5C9720-4867-40A5-8276-56E8E4E1C144}.Debug|x86.ActiveCfg = Load|Win32
		{DD5C9720-4867-40A5-8276-56E8E4E1C144}.Debug|x86.Build.0 = Load|Win32
		{DD5C9720-4867-40A5-8276-56E8E4E1C144}.Load|x64.ActiveCfg = Load|x64
		{DD5C9720-4867-40A5-8276-56E8E4E1C144}.Load|x64.Build.0 = Load|x64
		{DD5C9720-4867-40A5-8276-56E8E4E1C144}.Load|x86.ActiveCfg = Load|Win32
		{DD5C9720-4867-40A5-8276-56E8E4E1C144}.Load|x86.Build.0 = Load|Win32
		{DD5C9720-4867-40A5-8276-56E8E4E1C144}.Release|x64.ActiveCfg = Load|x64
		{DD5C9720-4867-40A5-8276-56E8E4E1C144}.Release|x64.Build.0 = Load|x64
		{DD5C9720-4867-40A5-8276-56E8E4E1C144}.Release|x86.ActiveCfg = Load|Win32
		{DD5C9720-4867-40A5-8276-56E8E4E1C144}.Release|x86.Build.0 = Load|Win32
		{DD5C9720-4867-40A5-8276-56E8E4E1C144}.Train|x64.ActiveCfg = Train|x64
		{DD5C9720-4867-40A5-8276-56E8E4E1C144}.Train|x64.Build.0 = Train|x64
		{DD5C9720-4867-40A5-8276-56E8E4E1C144}.Train|x86.ActiveCfg = Train|Win32
		{DD5C9720-4867-40A5-8276-56E8E4E1C144}.Train|x86.Build.0 = Train|Win32
		{2C7D4219-73AB-42FB-B2AF-4C68A8C1C019}.Debug|x64.ActiveCfg = Debug|x64
		{2C7D4219-73AB-42FB-B2AF-4C68A8C1C019}.Debug|x64.Build.0 = Debug|x64
		{2C7D4219-73AB-42FB-B2AF-4C68A8C1C019}.Debug|x86.ActiveCfg = Debug|Win32
		{2C7D4219-73AB-42FB-B2AF-4C68A8C1C019}.Debug|x86.Build.0 = Debug|Win32
		{2C7D4219-73AB-42FB-B2AF-4C68A8C1C019}.Load|x64.ActiveCfg = Release|x64
		{2C7D4219-73AB-42FB-B2AF-4C68A8C1C019}.Load|x64.Build.0 = Release|x64
		{2C7D4219-73AB-42FB-B2AF-4C68A8C1C019}.Load|x86.ActiveCfg = Release|Win32
		{2C7D4219-73AB-42FB-B2AF-4C68A8C1C019}.Load|x86.Build.0 = Release|Win32
		{2C7D4219-73AB-42FB-B2AF-4C68A8C1C019}.Release|x64.ActiveCfg = Release|x64
		{2C7D4219-73AB-42FB-B2AF-4C68A8C1C019}.Release|x64.Build.0 = Release|x64
		{2C7D4219-73AB-42FB-B2AF-4C68A8C1C019}.Release|x86.ActiveCfg = Release|Win32
		{2C7D4219-73AB-42FB-B2AF-4C68A8C1C019}.Release|x86.Build.0 = Release|Win32
		{2C7D4219-73AB-42FB-B2AF-4C68A8C1C019}.Train|x64.ActiveCfg = Release|x64
		{2C7D4219-73AB-42FB-B2AF-4C68A8C1C019}.Train|x64.Build.0 = Release|x64
		{2C7D4219-73AB-42FB-B2AF-4C68A8C1C019}.Train|x86.ActiveCfg = Release|Win32
		{2C7D4219-73AB-42FB-B2AF-4C68A8C1C019}.Train|x86.Build.0 = Release|Win32
		{9A5A435D-41E4-4B2A-9D99-8A180FB7D9A7}.Debug|x64.ActiveCfg = Load|x64
		{9A5A435D-41E4-4B2A-9D99-8A180FB7D9A7}.Debug|x64.Build.0 = Load|x64
		{9A5A435D-41E4-4B2A-9D99-8A180FB7D9A7}.Debug|x86.ActiveCfg = Load|Win32
		{9A5A435D-41E4-4B2A-9D99-8A180FB7D9A7}.Debug|x86.Build.0 = Load|Win32
		{9A5A435D-41E4-4B2A-9D99-8A180FB7D9A7}.Load|x64.ActiveCfg = Load|x64
		{9A5A435D-41E4-4B2A-9D99-8A180FB7D9A7}.Load|x64.Build.0 = Load|x64
		{9A5A435D-41E4-4B2A-9D99-8A180FB7D9A7}.Load|x86.ActiveCfg = Load|Win32
		{9A5A435D-41E4-4B2A-9D99-8A180FB7D9A7}.Load|x86.Build.0 = Load|Win32
		{9A5A435D-41E4-4B2A-9D99-8A180FB7D9A7}.Release|x64.ActiveCfg = Load|x64
		{9A5A435D-41E4-4B2A-9D99-8A180FB7D9A7}.Release|x64.Build.0 = Load|x64
		{9A5A435D-41E4-4B2A-9D99-8A180FB7D9A7}.Release|x86.ActiveCfg = Load|Win32
		{9A5A435D-41E4-4B2A-9D99-8A180FB7D9A7}.Release|x86.Build.0 = Load|Win32
		{9A5A435D-41E4-4B2A-9D99-8A180FB7D9A7}.Train|x64.ActiveCfg = Train|x64
		{9A5A435D-41E4-4B2A-9D99-8A180FB7D9A7}.Train|x64.Build.0 = Train|x64
		{9A5A435D-41E4-4B2A-9D99-8A180FB7D9A7}.Train|x86.ActiveCfg = Train|Win32
		{9A5A435D-41E4-4B2A-9D99-8A180FB7D9A7}.Train|x86.Build.0 = Train|Win32
		{DFE11357-5D06-42E3-80E6-AC88BC15B8DD}.Debug|x64.ActiveCfg = Debug|x64
		{DFE11357-5D06-42E3-80E6-AC88BC15B8DD}.Debug|x64.Build.0 = Debug|x64
		{DFE11357-5D06-42E3-80E6-AC88BC15B8DD}.Debug|x86.ActiveCfg = Debug|Win32
		{DFE11357-5D06-42E3-80E6-AC88BC15B8DD}.Debug|x86.Build.0 = Debug|Win32
		{DFE11357-5D06-42E3-80E6-AC88BC15B8DD}.Load|x64.ActiveCfg = Debug|x64
		{DFE11357-5D06-42E3-80E6-AC88BC15B8DD}.Load|x64.Build.0 = Debug|x64
		{DFE11357-5D06-42E3-80E6-AC88BC15B8DD}.Load|x86.ActiveCfg = Debug|Win32
		{DFE11357-5D06-42E3-80E6-AC88BC15B8DD}.Load|x86.Build.0 = Debug|Win32
		{DFE11357-5D06-42E3-80E6-AC88BC15B8DD}.Release|x64.ActiveCfg = Debug|x64
		{DFE11357-5D06-42E3-80E6-AC88BC15B8DD}.Release|x64.Build.0 = Debug|x64
		{DFE11357-5D06-42E3-80E6-AC88BC15B8DD}.Release|x86.ActiveCfg = Debug|Win32
		{DFE11357-5D06-42E3-80E6-AC88BC15B8DD}.Release|x86.Build.0 = Debug|Win32
		{DFE11357-5D06-42E3-80E6-AC88BC15B8DD}.Train|x64.ActiveCfg = Debug|x64
		{DFE11357-5D06-42E3-80E6-AC88BC15B8DD}.Train|x64.Build.0 = Debug|x64
		{DFE11357-5D06-42E3-80E6-AC88BC15B8DD}.Train|x86.ActiveCfg = Debug|Win32
		{DFE11357-5D06-42E3-80E6-AC88BC15B8DD}.Train|x86.Build.0 = Debug|Win32
	EndGlobalSection
	GlobalSection(SolutionProperties) = preSolution
		HideSolutionNode = FALSE
	EndGlobalSection
EndGlobal
